
Microsoft Visual Studio Solution File, Format Version 12.00
# Visual Studio Version 16
VisualStudioVersion = 16.0.31005.135
MinimumVisualStudioVersion = 10.0.40219.1
Project("{FAE04EC0-301F-11D3-BF4B-00C04F79EFBC}") = "WpfFinaExerciesPart2", "WpfFinaExerciesPart2.csproj", "{A5C67295-D955-4D74-8315-704246CB5C5B}"
EndProject
Global
	GlobalSection(SolutionConfigurationPlatforms) = preSolution
		Debug|Any CPU = Debug|Any CPU
		Release|Any CPU = Release|Any CPU
	EndGlobalSection
	GlobalSection(ProjectConfigurationPlatforms) = postSolution
		{A5C67295-D955-4D74-8315-704246CB5C5B}.Debug|Any CPU.ActiveCfg = Debug|Any CPU
		{A5C67295-D955-4D74-8315-704246CB5C5B}.Debug|Any CPU.Build.0 = Debug|Any CPU
		{A5C67295-D955-4D74-8315-704246CB5C5B}.Release|Any CPU.ActiveCfg = Release|Any CPU
		{A5C67295-D955-4D74-8315-704246CB5C5B}.Release|Any CPU.Build.0 = Release|Any CPU
	EndGlobalSection
	GlobalSection(SolutionProperties) = preSolution
		HideSolutionNode = FALSE
	EndGlobalSection
	GlobalSection(ExtensibilityGlobals) = postSolution
		SolutionGuid = {32BAF28D-055F-4124-BAAF-DF6BF3E3E2D9}
	EndGlobalSection
EndGlobal
